// !$*UTF8*$!
{
	archiveVersion = 1;
	classes = {
	};
	objectVersion = 48;
	objects = {

/* Begin PBXBuildFile section */
		00043650AA25A9733DB8B9D6 /* libPods-WebPDemo.a in Frameworks */ = {isa = PBXBuildFile; fileRef = BA074233FD61C5C6A5056612 /* libPods-WebPDemo.a */; };
		4AA8AB2220036B9D00D37AF5 /* TableViewCell.m in Sources */ = {isa = PBXBuildFile; fileRef = 4AA8AB2120036B9D00D37AF5 /* TableViewCell.m */; };
		4AA8AB252003716500D37AF5 /* FirstFrameWebPCoder.m in Sources */ = {isa = PBXBuildFile; fileRef = 4AA8AB242003716500D37AF5 /* FirstFrameWebPCoder.m */; };
		4AA8AB31200474C400D37AF5 /* ImageDownloaderOperation.m in Sources */ = {isa = PBXBuildFile; fileRef = 4AA8AB30200474C400D37AF5 /* ImageDownloaderOperation.m */; };
		4AD7CA411FF93B79005A0B50 /* AppDelegate.m in Sources */ = {isa = PBXBuildFile; fileRef = 4AD7CA401FF93B79005A0B50 /* AppDelegate.m */; };
		4AD7CA441FF93B79005A0B50 /* TableViewController.m in Sources */ = {isa = PBXBuildFile; fileRef = 4AD7CA431FF93B79005A0B50 /* TableViewController.m */; };
		4AD7CA471FF93B79005A0B50 /* Main.storyboard in Resources */ = {isa = PBXBuildFile; fileRef = 4AD7CA451FF93B79005A0B50 /* Main.storyboard */; };
		4AD7CA491FF93B79005A0B50 /* Assets.xcassets in Resources */ = {isa = PBXBuildFile; fileRef = 4AD7CA481FF93B79005A0B50 /* Assets.xcassets */; };
		4AD7CA4C1FF93B79005A0B50 /* LaunchScreen.storyboard in Resources */ = {isa = PBXBuildFile; fileRef = 4AD7CA4A1FF93B79005A0B50 /* LaunchScreen.storyboard */; };
		4AD7CA4F1FF93B79005A0B50 /* main.m in Sources */ = {isa = PBXBuildFile; fileRef = 4AD7CA4E1FF93B79005A0B50 /* main.m */; };
/* End PBXBuildFile section */

/* Begin PBXFileReference section */
		4AA8AB2020036B9D00D37AF5 /* TableViewCell.h */ = {isa = PBXFileReference; lastKnownFileType = sourcecode.c.h; path = TableViewCell.h; sourceTree = "<group>"; };
		4AA8AB2120036B9D00D37AF5 /* TableViewCell.m */ = {isa = PBXFileReference; lastKnownFileType = sourcecode.c.objc; path = TableViewCell.m; sourceTree = "<group>"; };
		4AA8AB232003716500D37AF5 /* FirstFrameWebPCoder.h */ = {isa = PBXFileReference; lastKnownFileType = sourcecode.c.h; path = FirstFrameWebPCoder.h; sourceTree = "<group>"; };
		4AA8AB242003716500D37AF5 /* FirstFrameWebPCoder.m */ = {isa = PBXFileReference; lastKnownFileType = sourcecode.c.objc; path = FirstFrameWebPCoder.m; sourceTree = "<group>"; };
		4AA8AB2F200474C400D37AF5 /* ImageDownloaderOperation.h */ = {isa = PBXFileReference; lastKnownFileType = sourcecode.c.h; path = ImageDownloaderOperation.h; sourceTree = "<group>"; };
		4AA8AB30200474C400D37AF5 /* ImageDownloaderOperation.m */ = {isa = PBXFileReference; lastKnownFileType = sourcecode.c.objc; path = ImageDownloaderOperation.m; sourceTree = "<group>"; };
		4AD7CA3C1FF93B79005A0B50 /* WebPDemo.app */ = {isa = PBXFileReference; explicitFileType = wrapper.application; includeInIndex = 0; path = WebPDemo.app; sourceTree = BUILT_PRODUCTS_DIR; };
		4AD7CA3F1FF93B79005A0B50 /* AppDelegate.h */ = {isa = PBXFileReference; lastKnownFileType = sourcecode.c.h; path = AppDelegate.h; sourceTree = "<group>"; };
		4AD7CA401FF93B79005A0B50 /* AppDelegate.m */ = {isa = PBXFileReference; lastKnownFileType = sourcecode.c.objc; path = AppDelegate.m; sourceTree = "<group>"; };
		4AD7CA421FF93B79005A0B50 /* TableViewController.h */ = {isa = PBXFileReference; lastKnownFileType = sourcecode.c.h; path = TableViewController.h; sourceTree = "<group>"; };
		4AD7CA431FF93B79005A0B50 /* TableViewController.m */ = {isa = PBXFileReference; lastKnownFileType = sourcecode.c.objc; path = TableViewController.m; sourceTree = "<group>"; };
		4AD7CA461FF93B79005A0B50 /* Base */ = {isa = PBXFileReference; lastKnownFileType = file.storyboard; name = Base; path = Base.lproj/Main.storyboard; sourceTree = "<group>"; };
		4AD7CA481FF93B79005A0B50 /* Assets.xcassets */ = {isa = PBXFileReference; lastKnownFileType = folder.assetcatalog; path = Assets.xcassets; sourceTree = "<group>"; };
		4AD7CA4B1FF93B79005A0B50 /* Base */ = {isa = PBXFileReference; lastKnownFileType = file.storyboard; name = Base; path = Base.lproj/LaunchScreen.storyboard; sourceTree = "<group>"; };
		4AD7CA4D1FF93B79005A0B50 /* Info.plist */ = {isa = PBXFileReference; lastKnownFileType = text.plist.xml; path = Info.plist; sourceTree = "<group>"; };
		4AD7CA4E1FF93B79005A0B50 /* main.m */ = {isa = PBXFileReference; lastKnownFileType = sourcecode.c.objc; path = main.m; sourceTree = "<group>"; };
		66ABB920956C405094FD5503 /* Pods-WebPDemo.debug.xcconfig */ = {isa = PBXFileReference; includeInIndex = 1; lastKnownFileType = text.xcconfig; name = "Pods-WebPDemo.debug.xcconfig"; path = "Pods/Target Support Files/Pods-WebPDemo/Pods-WebPDemo.debug.xcconfig"; sourceTree = "<group>"; };
		B56B61346654F278AFEEFF02 /* Pods-WebPDemo.release.xcconfig */ = {isa = PBXFileReference; includeInIndex = 1; lastKnownFileType = text.xcconfig; name = "Pods-WebPDemo.release.xcconfig"; path = "Pods/Target Support Files/Pods-WebPDemo/Pods-WebPDemo.release.xcconfig"; sourceTree = "<group>"; };
		BA074233FD61C5C6A5056612 /* libPods-WebPDemo.a */ = {isa = PBXFileReference; explicitFileType = archive.ar; includeInIndex = 0; path = "libPods-WebPDemo.a"; sourceTree = BUILT_PRODUCTS_DIR; };
/* End PBXFileReference section */

/* Begin PBXFrameworksBuildPhase section */
		4AD7CA391FF93B79005A0B50 /* Frameworks */ = {
			isa = PBXFrameworksBuildPhase;
			buildActionMask = 2147483647;
			files = (
				00043650AA25A9733DB8B9D6 /* libPods-WebPDemo.a in Frameworks */,
			);
			runOnlyForDeploymentPostprocessing = 0;
		};
/* End PBXFrameworksBuildPhase section */

/* Begin PBXGroup section */
		4962ADAD7C301E26D5F03B55 /* Frameworks */ = {
			isa = PBXGroup;
			children = (
				BA074233FD61C5C6A5056612 /* libPods-WebPDemo.a */,
			);
			name = Frameworks;
			sourceTree = "<group>";
		};
		4AD7CA331FF93B79005A0B50 = {
			isa = PBXGroup;
			children = (
				4AD7CA3E1FF93B79005A0B50 /* WebPDemo */,
				4AD7CA3D1FF93B79005A0B50 /* Products */,
				98601EE0B6757E4691133529 /* Pods */,
				4962ADAD7C301E26D5F03B55 /* Frameworks */,
			);
			sourceTree = "<group>";
		};
		4AD7CA3D1FF93B79005A0B50 /* Products */ = {
			isa = PBXGroup;
			children = (
				4AD7CA3C1FF93B79005A0B50 /* WebPDemo.app */,
			);
			name = Products;
			sourceTree = "<group>";
		};
		4AD7CA3E1FF93B79005A0B50 /* WebPDemo */ = {
			isa = PBXGroup;
			children = (
				4AD7CA3F1FF93B79005A0B50 /* AppDelegate.h */,
				4AD7CA401FF93B79005A0B50 /* AppDelegate.m */,
				4AD7CA421FF93B79005A0B50 /* TableViewController.h */,
				4AD7CA431FF93B79005A0B50 /* TableViewController.m */,
				4AA8AB2020036B9D00D37AF5 /* TableViewCell.h */,
				4AA8AB2120036B9D00D37AF5 /* TableViewCell.m */,
				4AA8AB232003716500D37AF5 /* FirstFrameWebPCoder.h */,
				4AA8AB242003716500D37AF5 /* FirstFrameWebPCoder.m */,
				4AA8AB2F200474C400D37AF5 /* ImageDownloaderOperation.h */,
				4AA8AB30200474C400D37AF5 /* ImageDownloaderOperation.m */,
				4AD7CA451FF93B79005A0B50 /* Main.storyboard */,
				4AD7CA481FF93B79005A0B50 /* Assets.xcassets */,
				4AD7CA4A1FF93B79005A0B50 /* LaunchScreen.storyboard */,
				4AD7CA4D1FF93B79005A0B50 /* Info.plist */,
				4AD7CA4E1FF93B79005A0B50 /* main.m */,
			);
			path = WebPDemo;
			sourceTree = "<group>";
		};
		98601EE0B6757E4691133529 /* Pods */ = {
			isa = PBXGroup;
			children = (
				66ABB920956C405094FD5503 /* Pods-WebPDemo.debug.xcconfig */,
				B56B61346654F278AFEEFF02 /* Pods-WebPDemo.release.xcconfig */,
			);
			name = Pods;
			sourceTree = "<group>";
		};
/* End PBXGroup section */

/* Begin PBXNativeTarget section */
		4AD7CA3B1FF93B79005A0B50 /* WebPDemo */ = {
			isa = PBXNativeTarget;
			buildConfigurationList = 4AD7CA521FF93B79005A0B50 /* Build configuration list for PBXNativeTarget "WebPDemo" */;
			buildPhases = (
				99BAD0D1DDDB56129A5C4DEA /* [CP] Check Pods Manifest.lock */,
				4AD7CA381FF93B79005A0B50 /* Sources */,
				4AD7CA391FF93B79005A0B50 /* Frameworks */,
				4AD7CA3A1FF93B79005A0B50 /* Resources */,
				1430E673C125C2DF13FDDE7F /* [CP] Embed Pods Frameworks */,
				745091ADF6EA7972AFCAAA61 /* [CP] Copy Pods Resources */,
			);
			buildRules = (
			);
			dependencies = (
			);
			name = WebPDemo;
			productName = WebPDemo;
			productReference = 4AD7CA3C1FF93B79005A0B50 /* WebPDemo.app */;
			productType = "com.apple.product-type.application";
		};
/* End PBXNativeTarget section */

/* Begin PBXProject section */
		4AD7CA341FF93B79005A0B50 /* Project object */ = {
			isa = PBXProject;
			attributes = {
				LastUpgradeCheck = 0920;
				ORGANIZATIONNAME = "Kaibo Lu";
				TargetAttributes = {
					4AD7CA3B1FF93B79005A0B50 = {
						CreatedOnToolsVersion = 9.2;
						ProvisioningStyle = Automatic;
					};
				};
			};
			buildConfigurationList = 4AD7CA371FF93B79005A0B50 /* Build configuration list for PBXProject "WebPDemo" */;
			compatibilityVersion = "Xcode 8.0";
			developmentRegion = en;
			hasScannedForEncodings = 0;
			knownRegions = (
				en,
				Base,
			);
			mainGroup = 4AD7CA331FF93B79005A0B50;
			productRefGroup = 4AD7CA3D1FF93B79005A0B50 /* Products */;
			projectDirPath = "";
			projectRoot = "";
			targets = (
				4AD7CA3B1FF93B79005A0B50 /* WebPDemo */,
			);
		};
/* End PBXProject section */

/* Begin PBXResourcesBuildPhase section */
		4AD7CA3A1FF93B79005A0B50 /* Resources */ = {
			isa = PBXResourcesBuildPhase;
			buildActionMask = 2147483647;
			files = (
				4AD7CA4C1FF93B79005A0B50 /* LaunchScreen.storyboard in Resources */,
				4AD7CA491FF93B79005A0B50 /* Assets.xcassets in Resources */,
				4AD7CA471FF93B79005A0B50 /* Main.storyboard in Resources */,
			);
			runOnlyForDeploymentPostprocessing = 0;
		};
/* End PBXResourcesBuildPhase section */

/* Begin PBXShellScriptBuildPhase section */
		1430E673C125C2DF13FDDE7F /* [CP] Embed Pods Frameworks */ = {
			isa = PBXShellScriptBuildPhase;
			buildActionMask = 2147483647;
			files = (
			);
			inputPaths = (
			);
			name = "[CP] Embed Pods Frameworks";
			outputPaths = (
			);
			runOnlyForDeploymentPostprocessing = 0;
			shellPath = /bin/sh;
			shellScript = "\"${SRCROOT}/Pods/Target Support Files/Pods-WebPDemo/Pods-WebPDemo-frameworks.sh\"\n";
			showEnvVarsInLog = 0;
		};
		745091ADF6EA7972AFCAAA61 /* [CP] Copy Pods Resources */ = {
			isa = PBXShellScriptBuildPhase;
			buildActionMask = 2147483647;
			files = (
			);
			inputPaths = (
			);
			name = "[CP] Copy Pods Resources";
			outputPaths = (
			);
			runOnlyForDeploymentPostprocessing = 0;
			shellPath = /bin/sh;
			shellScript = "\"${SRCROOT}/Pods/Target Support Files/Pods-WebPDemo/Pods-WebPDemo-resources.sh\"\n";
			showEnvVarsInLog = 0;
		};
		99BAD0D1DDDB56129A5C4DEA /* [CP] Check Pods Manifest.lock */ = {
			isa = PBXShellScriptBuildPhase;
			buildActionMask = 2147483647;
			files = (
			);
			inputPaths = (
				"${PODS_PODFILE_DIR_PATH}/Podfile.lock",
				"${PODS_ROOT}/Manifest.lock",
			);
			name = "[CP] Check Pods Manifest.lock";
			outputPaths = (
				"$(DERIVED_FILE_DIR)/Pods-WebPDemo-checkManifestLockResult.txt",
			);
			runOnlyForDeploymentPostprocessing = 0;
			shellPath = /bin/sh;
			shellScript = "diff \"${PODS_PODFILE_DIR_PATH}/Podfile.lock\" \"${PODS_ROOT}/Manifest.lock\" > /dev/null\nif [ $? != 0 ] ; then\n    # print error to STDERR\n    echo \"error: The sandbox is not in sync with the Podfile.lock. Run 'pod install' or update your CocoaPods installation.\" >&2\n    exit 1\nfi\n# This output is used by Xcode 'outputs' to avoid re-running this script phase.\necho \"SUCCESS\" > \"${SCRIPT_OUTPUT_FILE_0}\"\n";
			showEnvVarsInLog = 0;
		};
/* End PBXShellScriptBuildPhase section */

/* Begin PBXSourcesBuildPhase section */
		4AD7CA381FF93B79005A0B50 /* Sources */ = {
			isa = PBXSourcesBuildPhase;
			buildActionMask = 2147483647;
			files = (
				4AD7CA441FF93B79005A0B50 /* TableViewController.m in Sources */,
				4AA8AB2220036B9D00D37AF5 /* TableViewCell.m in Sources */,
				4AA8AB31200474C400D37AF5 /* ImageDownloaderOperation.m in Sources */,
				4AA8AB252003716500D37AF5 /* FirstFrameWebPCoder.m in Sources */,
				4AD7CA4F1FF93B79005A0B50 /* main.m in Sources */,
				4AD7CA411FF93B79005A0B50 /* AppDelegate.m in Sources */,
			);
			runOnlyForDeploymentPostprocessing = 0;
		};
/* End PBXSourcesBuildPhase section */

/* Begin PBXVariantGroup section */
		4AD7CA451FF93B79005A0B50 /* Main.storyboard */ = {
			isa = PBXVariantGroup;
			children = (
				4AD7CA461FF93B79005A0B50 /* Base */,
			);
			name = Main.storyboard;
			sourceTree = "<group>";
		};
		4AD7CA4A1FF93B79005A0B50 /* LaunchScreen.storyboard */ = {
			isa = PBXVariantGroup;
			children = (
				4AD7CA4B1FF93B79005A0B50 /* Base */,
			);
			name = LaunchScreen.storyboard;
			sourceTree = "<group>";
		};
/* End PBXVariantGroup section */

/* Begin XCBuildConfiguration section */
		4AD7CA501FF93B79005A0B50 /* Debug */ = {
			isa = XCBuildConfiguration;
			buildSettings = {
				ALWAYS_SEARCH_USER_PATHS = NO;
				CLANG_ANALYZER_NONNULL = YES;
				CLANG_ANALYZER_NUMBER_OBJECT_CONVERSION = YES_AGGRESSIVE;
				CLANG_CXX_LANGUAGE_STANDARD = "gnu++14";
				CLANG_CXX_LIBRARY = "libc++";
				CLANG_ENABLE_MODULES = YES;
				CLANG_ENABLE_OBJC_ARC = YES;
				CLANG_WARN_BLOCK_CAPTURE_AUTORELEASING = YES;
				CLANG_WARN_BOOL_CONVERSION = YES;
				CLANG_WARN_COMMA = YES;
				CLANG_WARN_CONSTANT_CONVERSION = YES;
				CLANG_WARN_DIRECT_OBJC_ISA_USAGE = YES_ERROR;
				CLANG_WARN_DOCUMENTATION_COMMENTS = YES;
				CLANG_WARN_EMPTY_BODY = YES;
				CLANG_WARN_ENUM_CONVERSION = YES;
				CLANG_WARN_INFINITE_RECURSION = YES;
				CLANG_WARN_INT_CONVERSION = YES;
				CLANG_WARN_NON_LITERAL_NULL_CONVERSION = YES;
				CLANG_WARN_OBJC_LITERAL_CONVERSION = YES;
				CLANG_WARN_OBJC_ROOT_CLASS = YES_ERROR;
				CLANG_WARN_RANGE_LOOP_ANALYSIS = YES;
				CLANG_WARN_STRICT_PROTOTYPES = YES;
				CLANG_WARN_SUSPICIOUS_MOVE = YES;
				CLANG_WARN_UNGUARDED_AVAILABILITY = YES_AGGRESSIVE;
				CLANG_WARN_UNREACHABLE_CODE = YES;
				CLANG_WARN__DUPLICATE_METHOD_MATCH = YES;
				CODE_SIGN_IDENTITY = "iPhone Developer";
				COPY_PHASE_STRIP = NO;
				DEBUG_INFORMATION_FORMAT = dwarf;
				ENABLE_STRICT_OBJC_MSGSEND = YES;
				ENABLE_TESTABILITY = YES;
				GCC_C_LANGUAGE_STANDARD = gnu11;
				GCC_DYNAMIC_NO_PIC = NO;
				GCC_NO_COMMON_BLOCKS = YES;
				GCC_OPTIMIZATION_LEVEL = 0;
				GCC_PREPROCESSOR_DEFINITIONS = (
					"DEBUG=1",
					"$(inherited)",
				);
				GCC_WARN_64_TO_32_BIT_CONVERSION = YES;
				GCC_WARN_ABOUT_RETURN_TYPE = YES_ERROR;
				GCC_WARN_UNDECLARED_SELECTOR = YES;
				GCC_WARN_UNINITIALIZED_AUTOS = YES_AGGRESSIVE;
				GCC_WARN_UNUSED_FUNCTION = YES;
				GCC_WARN_UNUSED_VARIABLE = YES;
				IPHONEOS_DEPLOYMENT_TARGET = 11.2;
				MTL_ENABLE_DEBUG_INFO = YES;
				ONLY_ACTIVE_ARCH = YES;
				SDKROOT = iphoneos;
			};
			name = Debug;
		};
		4AD7CA511FF93B79005A0B50 /* Release */ = {
			isa = XCBuildConfiguration;
			buildSettings = {
				ALWAYS_SEARCH_USER_PATHS = NO;
				CLANG_ANALYZER_NONNULL = YES;
				CLANG_ANALYZER_NUMBER_OBJECT_CONVERSION = YES_AGGRESSIVE;
				CLANG_CXX_LANGUAGE_STANDARD = "gnu++14";
				CLANG_CXX_LIBRARY = "libc++";
				CLANG_ENABLE_MODULES = YES;
				CLANG_ENABLE_OBJC_ARC = YES;
				CLANG_WARN_BLOCK_CAPTURE_AUTORELEASING = YES;
				CLANG_WARN_BOOL_CONVERSION = YES;
				CLANG_WARN_COMMA = YES;
				CLANG_WARN_CONSTANT_CONVERSION = YES;
				CLANG_WARN_DIRECT_OBJC_ISA_USAGE = YES_ERROR;
				CLANG_WARN_DOCUMENTATION_COMMENTS = YES;
				CLANG_WARN_EMPTY_BODY = YES;
				CLANG_WARN_ENUM_CONVERSION = YES;
				CLANG_WARN_INFINITE_RECURSION = YES;
				CLANG_WARN_INT_CONVERSION = YES;
				CLANG_WARN_NON_LITERAL_NULL_CONVERSION = YES;
				CLANG_WARN_OBJC_LITERAL_CONVERSION = YES;
				CLANG_WARN_OBJC_ROOT_CLASS = YES_ERROR;
				CLANG_WARN_RANGE_LOOP_ANALYSIS = YES;
				CLANG_WARN_STRICT_PROTOTYPES = YES;
				CLANG_WARN_SUSPICIOUS_MOVE = YES;
				CLANG_WARN_UNGUARDED_AVAILABILITY = YES_AGGRESSIVE;
				CLANG_WARN_UNREACHABLE_CODE = YES;
				CLANG_WARN__DUPLICATE_METHOD_MATCH = YES;
				CODE_SIGN_IDENTITY = "iPhone Developer";
				COPY_PHASE_STRIP = NO;
				DEBUG_INFORMATION_FORMAT = "dwarf-with-dsym";
				ENABLE_NS_ASSERTIONS = NO;
				ENABLE_STRICT_OBJC_MSGSEND = YES;
				GCC_C_LANGUAGE_STANDARD = gnu11;
				GCC_NO_COMMON_BLOCKS = YES;
				GCC_WARN_64_TO_32_BIT_CONVERSION = YES;
				GCC_WARN_ABOUT_RETURN_TYPE = YES_ERROR;
				GCC_WARN_UNDECLARED_SELECTOR = YES;
				GCC_WARN_UNINITIALIZED_AUTOS = YES_AGGRESSIVE;
				GCC_WARN_UNUSED_FUNCTION = YES;
				GCC_WARN_UNUSED_VARIABLE = YES;
				IPHONEOS_DEPLOYMENT_TARGET = 11.2;
				MTL_ENABLE_DEBUG_INFO = NO;
				SDKROOT = iphoneos;
				VALIDATE_PRODUCT = YES;
			};
			name = Release;
		};
		4AD7CA531FF93B79005A0B50 /* Debug */ = {
			isa = XCBuildConfiguration;
			baseConfigurationReference = 66ABB920956C405094FD5503 /* Pods-WebPDemo.debug.xcconfig */;
			buildSettings = {
				ASSETCATALOG_COMPILER_APPICON_NAME = AppIcon;
				CODE_SIGN_STYLE = Automatic;
				DEVELOPMENT_TEAM = W5PL77WQ2U;
				INFOPLIST_FILE = WebPDemo/Info.plist;
				IPHONEOS_DEPLOYMENT_TARGET = 8.0;
				LD_RUNPATH_SEARCH_PATHS = "$(inherited) @executable_path/Frameworks";
				PRODUCT_BUNDLE_IDENTIFIER = Kaibo.WebPDemo;
				PRODUCT_NAME = "$(TARGET_NAME)";
				TARGETED_DEVICE_FAMILY = "1,2";
			};
			name = Debug;
		};
		4AD7CA541FF93B79005A0B50 /* Release */ = {
			isa = XCBuildConfiguration;
			baseConfigurationReference = B56B61346654F278AFEEFF02 /* Pods-WebPDemo.release.xcconfig */;
			buildSettings = {
				ASSETCATALOG_COMPILER_APPICON_NAME = AppIcon;
				CODE_SIGN_STYLE = Automatic;
				DEVELOPMENT_TEAM = W5PL77WQ2U;
				INFOPLIST_FILE = WebPDemo/Info.plist;
				IPHONEOS_DEPLOYMENT_TARGET = 8.0;
				LD_RUNPATH_SEARCH_PATHS = "$(inherited) @executable_path/Frameworks";
				PRODUCT_BUNDLE_IDENTIFIER = Kaibo.WebPDemo;
				PRODUCT_NAME = "$(TARGET_NAME)";
				TARGETED_DEVICE_FAMILY = "1,2";
			};
			name = Release;
		};
/* End XCBuildConfiguration section */

/* Begin XCConfigurationList section */
		4AD7CA371FF93B79005A0B50 /* Build configuration list for PBXProject "WebPDemo" */ = {
			isa = XCConfigurationList;
			buildConfigurations = (
				4AD7CA501FF93B79005A0B50 /* Debug */,
				4AD7CA511FF93B79005A0B50 /* Release */,
			);
			defaultConfigurationIsVisible = 0;
			defaultConfigurationName = Release;
		};
		4AD7CA521FF93B79005A0B50 /* Build configuration list for PBXNativeTarget "WebPDemo" */ = {
			isa = XCConfigurationList;
			buildConfigurations = (
				4AD7CA531FF93B79005A0B50 /* Debug */,
				4AD7CA541FF93B79005A0B50 /* Release */,
			);
			defaultConfigurationIsVisible = 0;
			defaultConfigurationName = Release;
		};
/* End XCConfigurationList section */
	};
	rootObject = 4AD7CA341FF93B79005A0B50 /* Project object */;
}
